Microsoft Visual Studio Solution File, Format Version 10.00
# Visual Studio 2008
Project("{FAE04EC0-301F-11D3-BF4B-00C04F79EFBC}") = "BelicsClass.Common.VS2008", "BelicsClass.Common\BelicsClass.Common.VS2008.csproj", "{04BA2E75-DD6B-4F2A-8AEB-6821A4FE6D27}"
EndProject
Project("{FAE04EC0-301F-11D3-BF4B-00C04F79EFBC}") = "BelicsClass.ConsoleTools.VS2008", "BelicsClass.ConsoleTools\BelicsClass.ConsoleTools.VS2008.csproj", "{BC685C06-A12F-42D8-94F2-609A8A07E8AE}"
EndProject
Project("{FAE04EC0-301F-11D3-BF4B-00C04F79EFBC}") = "BelicsClass.Database.ExcelOle.VS2008", "BelicsClass.Database.ExcelOle\BelicsClass.Database.ExcelOle.VS2008.csproj", "{A6944558-B60B-4161-A897-2DF58F0F0DE1}"
EndProject
Project("{FAE04EC0-301F-11D3-BF4B-00C04F79EFBC}") = "BelicsClass.Database.SQLServer.VS2008", "BelicsClass.Database.SQLServer\BelicsClass.Database.SQLServer.VS2008.csproj", "{608F2C0A-D75A-4708-8E70-2E9271A42D0E}"
EndProject
Project("{FAE04EC0-301F-11D3-BF4B-00C04F79EFBC}") = "BelicsClass.File.VS2008", "BelicsClass.File\BelicsClass.File.VS2008.csproj", "{C8174DFF-E638-4B5F-B25F-E741ABE66E69}"
EndProject
Project("{FAE04EC0-301F-11D3-BF4B-00C04F79EFBC}") = "BelicsClass.Network.VS2008", "BelicsClass.Network\BelicsClass.Network.VS2008.csproj", "{90CB0C8C-4DD1-4C54-8899-45C3641FAE69}"
EndProject
Project("{FAE04EC0-301F-11D3-BF4B-00C04F79EFBC}") = "BelicsClass.ObjectSync.VS2008", "BelicsClass.ObjectSync\BelicsClass.ObjectSync.VS2008.csproj", "{E0264257-D31F-4A9E-823F-14250643097D}"
EndProject
Project("{FAE04EC0-301F-11D3-BF4B-00C04F79EFBC}") = "BelicsClass.PLC.MELSEC.VS2008", "BelicsClass.PLC.MELSEC\BelicsClass.PLC.MELSEC.VS2008.csproj", "{308D8203-664F-48F4-82D6-EA056FC83E08}"
EndProject
Project("{FAE04EC0-301F-11D3-BF4B-00C04F79EFBC}") = "BelicsClass.PLC.OMRON.VS2008", "BelicsClass.PLC.OMRON\BelicsClass.PLC.OMRON.VS2008.csproj", "{70BF2E92-A45C-4488-B063-F866E42B2EAD}"
EndProject
Project("{FAE04EC0-301F-11D3-BF4B-00C04F79EFBC}") = "BelicsClass.ProcessManage.VS2008", "BelicsClass.ProcessManage\BelicsClass.ProcessManage.VS2008.csproj", "{D7F32B7D-9BE5-49FB-B3FB-AB1AD2B2E2E4}"
EndProject
Project("{FAE04EC0-301F-11D3-BF4B-00C04F79EFBC}") = "BelicsClass.Rs232c.VS2008", "BelicsClass.Rs232c\BelicsClass.Rs232c.VS2008.csproj", "{D958E2AC-6372-48D7-AC8E-EEF3F5E161E2}"
EndProject
Project("{FAE04EC0-301F-11D3-BF4B-00C04F79EFBC}") = "BelicsClass.UI.VS2008", "BelicsClass.UI\BelicsClass.UI.VS2008.csproj", "{A48808BF-39BA-4D57-BBF2-A063F4A7F1D1}"
EndProject
Project("{2150E333-8FDC-42A3-9474-1A3956D46DE8}") = "_Class", "_Class", "{8184A71C-3C1F-4593-84FF-6B5F0A150A14}"
EndProject
Project("{FAE04EC0-301F-11D3-BF4B-00C04F79EFBC}") = "BelicsClass.UI.Report.VS2008", "BelicsClass.UI.Report\BelicsClass.UI.Report.VS2008.csproj", "{69820025-7DBC-49EB-B5DC-21537B6F5F2F}"
EndProject
Project("{FAE04EC0-301F-11D3-BF4B-00C04F79EFBC}") = "BelicsClass.GPIB.CONTEC.VS2008", "BelicsClass.GPIB.CONTEC\BelicsClass.GPIB.CONTEC.VS2008.csproj", "{48ECFFDE-08A3-4FED-8519-A0FF54C27E65}"
EndProject
Project("{FAE04EC0-301F-11D3-BF4B-00C04F79EFBC}") = "BelicsClass.Database.MSAccess.VS2008", "BelicsClass.Database.MSAccess\BelicsClass.Database.MSAccess.VS2008.csproj", "{82796732-32C3-4FAB-80F6-138B09675631}"
EndProject
Project("{FAE04EC0-301F-11D3-BF4B-00C04F79EFBC}") = "BelicsClass.UI.Graph.VS2008", "BelicsClass.UI.Graph\BelicsClass.UI.Graph.VS2008.csproj", "{E1B23111-238D-4C66-9508-C385EACF00F1}"
EndProject
Project("{FAE04EC0-301F-11D3-BF4B-00C04F79EFBC}") = "BelicsClass.RFID.KEYENCE.VS2008", "BelicsClass.RFID.KEYENCE\BelicsClass.RFID.KEYENCE.VS2008.csproj", "{0B7506A4-64A9-4B24-B7B9-1559404377AE}"
EndProject
Project("{FAE04EC0-301F-11D3-BF4B-00C04F79EFBC}") = "BelicsClass.Database.OleDB.VS2008", "BelicsClass.Database.OleDB\BelicsClass.Database.OleDB.VS2008.csproj", "{FEDB8340-5B14-4320-83F8-2B09B4FEA4BB}"
EndProject
Project("{FAE04EC0-301F-11D3-BF4B-00C04F79EFBC}") = "BelicsClass.Database.Oracle.VS2008", "BelicsClass.Database.Oracle\BelicsClass.Database.Oracle.VS2008.csproj", "{BE9E4B50-FBBC-4273-AA2E-E1480AB85DF3}"
EndProject
Project("{FAE04EC0-301F-11D3-BF4B-00C04F79EFBC}") = "BelicsClass.PLC.VS2008", "BelicsClass.PLC.Base\BelicsClass.PLC.VS2008.csproj", "{40FA23ED-A597-413B-B822-8F9DA58EB04D}"
EndProject
Project("{FAE04EC0-301F-11D3-BF4B-00C04F79EFBC}") = "BelicsClass.AllInOne.VS2008", "BelicsClass.AllInOne\BelicsClass.AllInOne.VS2008.csproj", "{4CC0A7F6-0742-4556-B052-1B5D0317B984}"
EndProject
Project("{FAE04EC0-301F-11D3-BF4B-00C04F79EFBC}") = "BelicsClass.Database.VS2008", "BelicsClass.Database.Base\BelicsClass.Database.VS2008.csproj", "{B2D36921-0581-4EB5-A27B-19EEE74AE100}"
EndProject
Project("{FAE04EC0-301F-11D3-BF4B-00C04F79EFBC}") = "BelicsClass.PLC.Accesser.VS2008", "BelicsClass.PLC.Accesser\BelicsClass.PLC.Accesser.VS2008.csproj", "{BD83CC53-2FC3-4A59-933E-72D89FE80D87}"
EndProject
Project("{FAE04EC0-301F-11D3-BF4B-00C04F79EFBC}") = "BelicsClass.AllInOneCompact.VS2008", "BelicsClass.AllInOneCompact\BelicsClass.AllInOneCompact.VS2008.csproj", "{2FB32B67-9209-4C24-9381-BE4A0D42AC8A}"
EndProject
Project("{FAE04EC0-301F-11D3-BF4B-00C04F79EFBC}") = "BelicsClass.UI.Controls.VS2008", "BelicsClass.UI.Controls\BelicsClass.UI.Controls.VS2008.csproj", "{91A39B53-89CC-442E-B250-FF4F9A5D0E23}"
EndProject
Global
	GlobalSection(SolutionConfigurationPlatforms) = preSolution
		Debug|Any CPU = Debug|Any CPU
		Debug|Mixed Platforms = Debug|Mixed Platforms
		Debug|x86 = Debug|x86
		Release|Any CPU = Release|Any CPU
		Release|Mixed Platforms = Release|Mixed Platforms
		Release|x86 = Release|x86
	EndGlobalSection
	GlobalSection(ProjectConfigurationPlatforms) = postSolution
		{04BA2E75-DD6B-4F2A-8AEB-6821A4FE6D27}.Debug|Any CPU.ActiveCfg = Debug|Any CPU
		{04BA2E75-DD6B-4F2A-8AEB-6821A4FE6D27}.Debug|Any CPU.Build.0 = Debug|Any CPU
		{04BA2E75-DD6B-4F2A-8AEB-6821A4FE6D27}.Debug|Mixed Platforms.ActiveCfg = Debug|Any CPU
		{04BA2E75-DD6B-4F2A-8AEB-6821A4FE6D27}.Debug|Mixed Platforms.Build.0 = Debug|Any CPU
		{04BA2E75-DD6B-4F2A-8AEB-6821A4FE6D27}.Debug|x86.ActiveCfg = Debug|Any CPU
		{04BA2E75-DD6B-4F2A-8AEB-6821A4FE6D27}.Release|Any CPU.ActiveCfg = Release|Any CPU
		{04BA2E75-DD6B-4F2A-8AEB-6821A4FE6D27}.Release|Any CPU.Build.0 = Release|Any CPU
		{04BA2E75-DD6B-4F2A-8AEB-6821A4FE6D27}.Release|Mixed Platforms.ActiveCfg = Release|Any CPU
		{04BA2E75-DD6B-4F2A-8AEB-6821A4FE6D27}.Release|Mixed Platforms.Build.0 = Release|Any CPU
		{04BA2E75-DD6B-4F2A-8AEB-6821A4FE6D27}.Release|x86.ActiveCfg = Release|Any CPU
		{BC685C06-A12F-42D8-94F2-609A8A07E8AE}.Debug|Any CPU.ActiveCfg = Debug|Any CPU
		{BC685C06-A12F-42D8-94F2-609A8A07E8AE}.Debug|Any CPU.Build.0 = Debug|Any CPU
		{BC685C06-A12F-42D8-94F2-609A8A07E8AE}.Debug|Mixed Platforms.ActiveCfg = Debug|Any CPU
		{BC685C06-A12F-42D8-94F2-609A8A07E8AE}.Debug|Mixed Platforms.Build.0 = Debug|Any CPU
		{BC685C06-A12F-42D8-94F2-609A8A07E8AE}.Debug|x86.ActiveCfg = Debug|Any CPU
		{BC685C06-A12F-42D8-94F2-609A8A07E8AE}.Release|Any CPU.ActiveCfg = Release|Any CPU
		{BC685C06-A12F-42D8-94F2-609A8A07E8AE}.Release|Any CPU.Build.0 = Release|Any CPU
		{BC685C06-A12F-42D8-94F2-609A8A07E8AE}.Release|Mixed Platforms.ActiveCfg = Release|Any CPU
		{BC685C06-A12F-42D8-94F2-609A8A07E8AE}.Release|Mixed Platforms.Build.0 = Release|Any CPU
		{BC685C06-A12F-42D8-94F2-609A8A07E8AE}.Release|x86.ActiveCfg = Release|Any CPU
		{A6944558-B60B-4161-A897-2DF58F0F0DE1}.Debug|Any CPU.ActiveCfg = Debug|Any CPU
		{A6944558-B60B-4161-A897-2DF58F0F0DE1}.Debug|Any CPU.Build.0 = Debug|Any CPU
		{A6944558-B60B-4161-A897-2DF58F0F0DE1}.Debug|Mixed Platforms.ActiveCfg = Debug|Any CPU
		{A6944558-B60B-4161-A897-2DF58F0F0DE1}.Debug|Mixed Platforms.Build.0 = Debug|Any CPU
		{A6944558-B60B-4161-A897-2DF58F0F0DE1}.Debug|x86.ActiveCfg = Debug|Any CPU
		{A6944558-B60B-4161-A897-2DF58F0F0DE1}.Release|Any CPU.ActiveCfg = Release|Any CPU
		{A6944558-B60B-4161-A897-2DF58F0F0DE1}.Release|Any CPU.Build.0 = Release|Any CPU
		{A6944558-B60B-4161-A897-2DF58F0F0DE1}.Release|Mixed Platforms.ActiveCfg = Release|Any CPU
		{A6944558-B60B-4161-A897-2DF58F0F0DE1}.Release|Mixed Platforms.Build.0 = Release|Any CPU
		{A6944558-B60B-4161-A897-2DF58F0F0DE1}.Release|x86.ActiveCfg = Release|Any CPU
		{608F2C0A-D75A-4708-8E70-2E9271A42D0E}.Debug|Any CPU.ActiveCfg = Debug|Any CPU
		{608F2C0A-D75A-4708-8E70-2E9271A42D0E}.Debug|Any CPU.Build.0 = Debug|Any CPU
		{608F2C0A-D75A-4708-8E70-2E9271A42D0E}.Debug|Mixed Platforms.ActiveCfg = Debug|Any CPU
		{608F2C0A-D75A-4708-8E70-2E9271A42D0E}.Debug|Mixed Platforms.Build.0 = Debug|Any CPU
		{608F2C0A-D75A-4708-8E70-2E9271A42D0E}.Debug|x86.ActiveCfg = Debug|Any CPU
		{608F2C0A-D75A-4708-8E70-2E9271A42D0E}.Release|Any CPU.ActiveCfg = Release|Any CPU
		{608F2C0A-D75A-4708-8E70-2E9271A42D0E}.Release|Any CPU.Build.0 = Release|Any CPU
		{608F2C0A-D75A-4708-8E70-2E9271A42D0E}.Release|Mixed Platforms.ActiveCfg = Release|Any CPU
		{608F2C0A-D75A-4708-8E70-2E9271A42D0E}.Release|Mixed Platforms.Build.0 = Release|Any CPU
		{608F2C0A-D75A-4708-8E70-2E9271A42D0E}.Release|x86.ActiveCfg = Release|Any CPU
		{C8174DFF-E638-4B5F-B25F-E741ABE66E69}.Debug|Any CPU.ActiveCfg = Debug|Any CPU
		{C8174DFF-E638-4B5F-B25F-E741ABE66E69}.Debug|Any CPU.Build.0 = Debug|Any CPU
		{C8174DFF-E638-4B5F-B25F-E741ABE66E69}.Debug|Mixed Platforms.ActiveCfg = Debug|Any CPU
		{C8174DFF-E638-4B5F-B25F-E741ABE66E69}.Debug|Mixed Platforms.Build.0 = Debug|Any CPU
		{C8174DFF-E638-4B5F-B25F-E741ABE66E69}.Debug|x86.ActiveCfg = Debug|Any CPU
		{C8174DFF-E638-4B5F-B25F-E741ABE66E69}.Release|Any CPU.ActiveCfg = Release|Any CPU
		{C8174DFF-E638-4B5F-B25F-E741ABE66E69}.Release|Any CPU.Build.0 = Release|Any CPU
		{C8174DFF-E638-4B5F-B25F-E741ABE66E69}.Release|Mixed Platforms.ActiveCfg = Release|Any CPU
		{C8174DFF-E638-4B5F-B25F-E741ABE66E69}.Release|Mixed Platforms.Build.0 = Release|Any CPU
		{C8174DFF-E638-4B5F-B25F-E741ABE66E69}.Release|x86.ActiveCfg = Release|Any CPU
		{90CB0C8C-4DD1-4C54-8899-45C3641FAE69}.Debug|Any CPU.ActiveCfg = Debug|Any CPU
		{90CB0C8C-4DD1-4C54-8899-45C3641FAE69}.Debug|Any CPU.Build.0 = Debug|Any CPU
		{90CB0C8C-4DD1-4C54-8899-45C3641FAE69}.Debug|Mixed Platforms.ActiveCfg = Debug|Any CPU
		{90CB0C8C-4DD1-4C54-8899-45C3641FAE69}.Debug|Mixed Platforms.Build.0 = Debug|Any CPU
		{90CB0C8C-4DD1-4C54-8899-45C3641FAE69}.Debug|x86.ActiveCfg = Debug|Any CPU
		{90CB0C8C-4DD1-4C54-8899-45C3641FAE69}.Release|Any CPU.ActiveCfg = Release|Any CPU
		{90CB0C8C-4DD1-4C54-8899-45C3641FAE69}.Release|Any CPU.Build.0 = Release|Any CPU
		{90CB0C8C-4DD1-4C54-8899-45C3641FAE69}.Release|Mixed Platforms.ActiveCfg = Release|Any CPU
		{90CB0C8C-4DD1-4C54-8899-45C3641FAE69}.Release|Mixed Platforms.Build.0 = Release|Any CPU
		{90CB0C8C-4DD1-4C54-8899-45C3641FAE69}.Release|x86.ActiveCfg = Release|Any CPU
		{E0264257-D31F-4A9E-823F-14250643097D}.Debug|Any CPU.ActiveCfg = Debug|Any CPU
		{E0264257-D31F-4A9E-823F-14250643097D}.Debug|Any CPU.Build.0 = Debug|Any CPU
		{E0264257-D31F-4A9E-823F-14250643097D}.Debug|Mixed Platforms.ActiveCfg = Debug|Any CPU
		{E0264257-D31F-4A9E-823F-14250643097D}.Debug|Mixed Platforms.Build.0 = Debug|Any CPU
		{E0264257-D31F-4A9E-823F-14250643097D}.Debug|x86.ActiveCfg = Debug|Any CPU
		{E0264257-D31F-4A9E-823F-14250643097D}.Release|Any CPU.ActiveCfg = Release|Any CPU
		{E0264257-D31F-4A9E-823F-14250643097D}.Release|Any CPU.Build.0 = Release|Any CPU
		{E0264257-D31F-4A9E-823F-14250643097D}.Release|Mixed Platforms.ActiveCfg = Release|Any CPU
		{E0264257-D31F-4A9E-823F-14250643097D}.Release|Mixed Platforms.Build.0 = Release|Any CPU
		{E0264257-D31F-4A9E-823F-14250643097D}.Release|x86.ActiveCfg = Release|Any CPU
		{308D8203-664F-48F4-82D6-EA056FC83E08}.Debug|Any CPU.ActiveCfg = Debug|Any CPU
		{308D8203-664F-48F4-82D6-EA056FC83E08}.Debug|Any CPU.Build.0 = Debug|Any CPU
		{308D8203-664F-48F4-82D6-EA056FC83E08}.Debug|Mixed Platforms.ActiveCfg = Debug|Any CPU
		{308D8203-664F-48F4-82D6-EA056FC83E08}.Debug|Mixed Platforms.Build.0 = Debug|Any CPU
		{308D8203-664F-48F4-82D6-EA056FC83E08}.Debug|x86.ActiveCfg = Debug|Any CPU
		{308D8203-664F-48F4-82D6-EA056FC83E08}.Release|Any CPU.ActiveCfg = Release|Any CPU
		{308D8203-664F-48F4-82D6-EA056FC83E08}.Release|Any CPU.Build.0 = Release|Any CPU
		{308D8203-664F-48F4-82D6-EA056FC83E08}.Release|Mixed Platforms.ActiveCfg = Release|Any CPU
		{308D8203-664F-48F4-82D6-EA056FC83E08}.Release|Mixed Platforms.Build.0 = Release|Any CPU
		{308D8203-664F-48F4-82D6-EA056FC83E08}.Release|x86.ActiveCfg = Release|Any CPU
		{70BF2E92-A45C-4488-B063-F866E42B2EAD}.Debug|Any CPU.ActiveCfg = Debug|Any CPU
		{70BF2E92-A45C-4488-B063-F866E42B2EAD}.Debug|Any CPU.Build.0 = Debug|Any CPU
		{70BF2E92-A45C-4488-B063-F866E42B2EAD}.Debug|Mixed Platforms.ActiveCfg = Debug|Any CPU
		{70BF2E92-A45C-4488-B063-F866E42B2EAD}.Debug|Mixed Platforms.Build.0 = Debug|Any CPU
		{70BF2E92-A45C-4488-B063-F866E42B2EAD}.Debug|x86.ActiveCfg = Debug|Any CPU
		{70BF2E92-A45C-4488-B063-F866E42B2EAD}.Release|Any CPU.ActiveCfg = Release|Any CPU
		{70BF2E92-A45C-4488-B063-F866E42B2EAD}.Release|Any CPU.Build.0 = Release|Any CPU
		{70BF2E92-A45C-4488-B063-F866E42B2EAD}.Release|Mixed Platforms.ActiveCfg = Release|Any CPU
		{70BF2E92-A45C-4488-B063-F866E42B2EAD}.Release|Mixed Platforms.Build.0 = Release|Any CPU
		{70BF2E92-A45C-4488-B063-F866E42B2EAD}.Release|x86.ActiveCfg = Release|Any CPU
		{D7F32B7D-9BE5-49FB-B3FB-AB1AD2B2E2E4}.Debug|Any CPU.ActiveCfg = Debug|Any CPU
		{D7F32B7D-9BE5-49FB-B3FB-AB1AD2B2E2E4}.Debug|Any CPU.Build.0 = Debug|Any CPU
		{D7F32B7D-9BE5-49FB-B3FB-AB1AD2B2E2E4}.Debug|Mixed Platforms.ActiveCfg = Debug|Any CPU
		{D7F32B7D-9BE5-49FB-B3FB-AB1AD2B2E2E4}.Debug|Mixed Platforms.Build.0 = Debug|Any CPU
		{D7F32B7D-9BE5-49FB-B3FB-AB1AD2B2E2E4}.Debug|x86.ActiveCfg = Debug|Any CPU
		{D7F32B7D-9BE5-49FB-B3FB-AB1AD2B2E2E4}.Release|Any CPU.ActiveCfg = Release|Any CPU
		{D7F32B7D-9BE5-49FB-B3FB-AB1AD2B2E2E4}.Release|Any CPU.Build.0 = Release|Any CPU
		{D7F32B7D-9BE5-49FB-B3FB-AB1AD2B2E2E4}.Release|Mixed Platforms.ActiveCfg = Release|Any CPU
		{D7F32B7D-9BE5-49FB-B3FB-AB1AD2B2E2E4}.Release|Mixed Platforms.Build.0 = Release|Any CPU
		{D7F32B7D-9BE5-49FB-B3FB-AB1AD2B2E2E4}.Release|x86.ActiveCfg = Release|Any CPU
		{D958E2AC-6372-48D7-AC8E-EEF3F5E161E2}.Debug|Any CPU.ActiveCfg = Debug|Any CPU
		{D958E2AC-6372-48D7-AC8E-EEF3F5E161E2}.Debug|Any CPU.Build.0 = Debug|Any CPU
		{D958E2AC-6372-48D7-AC8E-EEF3F5E161E2}.Debug|Mixed Platforms.ActiveCfg = Debug|Any CPU
		{D958E2AC-6372-48D7-AC8E-EEF3F5E161E2}.Debug|Mixed Platforms.Build.0 = Debug|Any CPU
		{D958E2AC-6372-48D7-AC8E-EEF3F5E161E2}.Debug|x86.ActiveCfg = Debug|Any CPU
		{D958E2AC-6372-48D7-AC8E-EEF3F5E161E2}.Release|Any CPU.ActiveCfg = Release|Any CPU
		{D958E2AC-6372-48D7-AC8E-EEF3F5E161E2}.Release|Any CPU.Build.0 = Release|Any CPU
		{D958E2AC-6372-48D7-AC8E-EEF3F5E161E2}.Release|Mixed Platforms.ActiveCfg = Release|Any CPU
		{D958E2AC-6372-48D7-AC8E-EEF3F5E161E2}.Release|Mixed Platforms.Build.0 = Release|Any CPU
		{D958E2AC-6372-48D7-AC8E-EEF3F5E161E2}.Release|x86.ActiveCfg = Release|Any CPU
		{A48808BF-39BA-4D57-BBF2-A063F4A7F1D1}.Debug|Any CPU.ActiveCfg = Debug|Any CPU
		{A48808BF-39BA-4D57-BBF2-A063F4A7F1D1}.Debug|Any CPU.Build.0 = Debug|Any CPU
		{A48808BF-39BA-4D57-BBF2-A063F4A7F1D1}.Debug|Mixed Platforms.ActiveCfg = Debug|Any CPU
		{A48808BF-39BA-4D57-BBF2-A063F4A7F1D1}.Debug|Mixed Platforms.Build.0 = Debug|Any CPU
		{A48808BF-39BA-4D57-BBF2-A063F4A7F1D1}.Debug|x86.ActiveCfg = Debug|Any CPU
		{A48808BF-39BA-4D57-BBF2-A063F4A7F1D1}.Release|Any CPU.ActiveCfg = Release|Any CPU
		{A48808BF-39BA-4D57-BBF2-A063F4A7F1D1}.Release|Any CPU.Build.0 = Release|Any CPU
		{A48808BF-39BA-4D57-BBF2-A063F4A7F1D1}.Release|Mixed Platforms.ActiveCfg = Release|Any CPU
		{A48808BF-39BA-4D57-BBF2-A063F4A7F1D1}.Release|Mixed Platforms.Build.0 = Release|Any CPU
		{A48808BF-39BA-4D57-BBF2-A063F4A7F1D1}.Release|x86.ActiveCfg = Release|Any CPU
		{69820025-7DBC-49EB-B5DC-21537B6F5F2F}.Debug|Any CPU.ActiveCfg = Debug|Any CPU
		{69820025-7DBC-49EB-B5DC-21537B6F5F2F}.Debug|Any CPU.Build.0 = Debug|Any CPU
		{69820025-7DBC-49EB-B5DC-21537B6F5F2F}.Debug|Mixed Platforms.ActiveCfg = Debug|Any CPU
		{69820025-7DBC-49EB-B5DC-21537B6F5F2F}.Debug|Mixed Platforms.Build.0 = Debug|Any CPU
		{69820025-7DBC-49EB-B5DC-21537B6F5F2F}.Debug|x86.ActiveCfg = Debug|Any CPU
		{69820025-7DBC-49EB-B5DC-21537B6F5F2F}.Release|Any CPU.ActiveCfg = Release|Any CPU
		{69820025-7DBC-49EB-B5DC-21537B6F5F2F}.Release|Any CPU.Build.0 = Release|Any CPU
		{69820025-7DBC-49EB-B5DC-21537B6F5F2F}.Release|Mixed Platforms.ActiveCfg = Release|Any CPU
		{69820025-7DBC-49EB-B5DC-21537B6F5F2F}.Release|Mixed Platforms.Build.0 = Release|Any CPU
		{69820025-7DBC-49EB-B5DC-21537B6F5F2F}.Release|x86.ActiveCfg = Release|Any CPU
		{48ECFFDE-08A3-4FED-8519-A0FF54C27E65}.Debug|Any CPU.ActiveCfg = Debug|Any CPU
		{48ECFFDE-08A3-4FED-8519-A0FF54C27E65}.Debug|Any CPU.Build.0 = Debug|Any CPU
		{48ECFFDE-08A3-4FED-8519-A0FF54C27E65}.Debug|Mixed Platforms.ActiveCfg = Debug|Any CPU
		{48ECFFDE-08A3-4FED-8519-A0FF54C27E65}.Debug|Mixed Platforms.Build.0 = Debug|Any CPU
		{48ECFFDE-08A3-4FED-8519-A0FF54C27E65}.Debug|x86.ActiveCfg = Debug|Any CPU
		{48ECFFDE-08A3-4FED-8519-A0FF54C27E65}.Release|Any CPU.ActiveCfg = Release|Any CPU
		{48ECFFDE-08A3-4FED-8519-A0FF54C27E65}.Release|Any CPU.Build.0 = Release|Any CPU
		{48ECFFDE-08A3-4FED-8519-A0FF54C27E65}.Release|Mixed Platforms.ActiveCfg = Release|Any CPU
		{48ECFFDE-08A3-4FED-8519-A0FF54C27E65}.Release|Mixed Platforms.Build.0 = Release|Any CPU
		{48ECFFDE-08A3-4FED-8519-A0FF54C27E65}.Release|x86.ActiveCfg = Release|Any CPU
		{82796732-32C3-4FAB-80F6-138B09675631}.Debug|Any CPU.ActiveCfg = Debug|Any CPU
		{82796732-32C3-4FAB-80F6-138B09675631}.Debug|Any CPU.Build.0 = Debug|Any CPU
		{82796732-32C3-4FAB-80F6-138B09675631}.Debug|Mixed Platforms.ActiveCfg = Debug|Any CPU
		{82796732-32C3-4FAB-80F6-138B09675631}.Debug|Mixed Platforms.Build.0 = Debug|Any CPU
		{82796732-32C3-4FAB-80F6-138B09675631}.Debug|x86.ActiveCfg = Debug|Any CPU
		{82796732-32C3-4FAB-80F6-138B09675631}.Release|Any CPU.ActiveCfg = Release|Any CPU
		{82796732-32C3-4FAB-80F6-138B09675631}.Release|Any CPU.Build.0 = Release|Any CPU
		{82796732-32C3-4FAB-80F6-138B09675631}.Release|Mixed Platforms.ActiveCfg = Release|Any CPU
		{82796732-32C3-4FAB-80F6-138B09675631}.Release|Mixed Platforms.Build.0 = Release|Any CPU
		{82796732-32C3-4FAB-80F6-138B09675631}.Release|x86.ActiveCfg = Release|Any CPU
		{E1B23111-238D-4C66-9508-C385EACF00F1}.Debug|Any CPU.ActiveCfg = Debug|Any CPU
		{E1B23111-238D-4C66-9508-C385EACF00F1}.Debug|Any CPU.Build.0 = Debug|Any CPU
		{E1B23111-238D-4C66-9508-C385EACF00F1}.Debug|Mixed Platforms.ActiveCfg = Debug|Any CPU
		{E1B23111-238D-4C66-9508-C385EACF00F1}.Debug|Mixed Platforms.Build.0 = Debug|Any CPU
		{E1B23111-238D-4C66-9508-C385EACF00F1}.Debug|x86.ActiveCfg = Debug|Any CPU
		{E1B23111-238D-4C66-9508-C385EACF00F1}.Release|Any CPU.ActiveCfg = Release|Any CPU
		{E1B23111-238D-4C66-9508-C385EACF00F1}.Release|Any CPU.Build.0 = Release|Any CPU
		{E1B23111-238D-4C66-9508-C385EACF00F1}.Release|Mixed Platforms.ActiveCfg = Release|Any CPU
		{E1B23111-238D-4C66-9508-C385EACF00F1}.Release|Mixed Platforms.Build.0 = Release|Any CPU
		{E1B23111-238D-4C66-9508-C385EACF00F1}.Release|x86.ActiveCfg = Release|Any CPU
		{0B7506A4-64A9-4B24-B7B9-1559404377AE}.Debug|Any CPU.ActiveCfg = Debug|Any CPU
		{0B7506A4-64A9-4B24-B7B9-1559404377AE}.Debug|Any CPU.Build.0 = Debug|Any CPU
		{0B7506A4-64A9-4B24-B7B9-1559404377AE}.Debug|Mixed Platforms.ActiveCfg = Debug|Any CPU
		{0B7506A4-64A9-4B24-B7B9-1559404377AE}.Debug|Mixed Platforms.Build.0 = Debug|Any CPU
		{0B7506A4-64A9-4B24-B7B9-1559404377AE}.Debug|x86.ActiveCfg = Debug|Any CPU
		{0B7506A4-64A9-4B24-B7B9-1559404377AE}.Release|Any CPU.ActiveCfg = Release|Any CPU
		{0B7506A4-64A9-4B24-B7B9-1559404377AE}.Release|Any CPU.Build.0 = Release|Any CPU
		{0B7506A4-64A9-4B24-B7B9-1559404377AE}.Release|Mixed Platforms.ActiveCfg = Release|Any CPU
		{0B7506A4-64A9-4B24-B7B9-1559404377AE}.Release|Mixed Platforms.Build.0 = Release|Any CPU
		{0B7506A4-64A9-4B24-B7B9-1559404377AE}.Release|x86.ActiveCfg = Release|Any CPU
		{FEDB8340-5B14-4320-83F8-2B09B4FEA4BB}.Debug|Any CPU.ActiveCfg = Debug|Any CPU
		{FEDB8340-5B14-4320-83F8-2B09B4FEA4BB}.Debug|Any CPU.Build.0 = Debug|Any CPU
		{FEDB8340-5B14-4320-83F8-2B09B4FEA4BB}.Debug|Mixed Platforms.ActiveCfg = Debug|Any CPU
		{FEDB8340-5B14-4320-83F8-2B09B4FEA4BB}.Debug|Mixed Platforms.Build.0 = Debug|Any CPU
		{FEDB8340-5B14-4320-83F8-2B09B4FEA4BB}.Debug|x86.ActiveCfg = Debug|Any CPU
		{FEDB8340-5B14-4320-83F8-2B09B4FEA4BB}.Release|Any CPU.ActiveCfg = Release|Any CPU
		{FEDB8340-5B14-4320-83F8-2B09B4FEA4BB}.Release|Any CPU.Build.0 = Release|Any CPU
		{FEDB8340-5B14-4320-83F8-2B09B4FEA4BB}.Release|Mixed Platforms.ActiveCfg = Release|Any CPU
		{FEDB8340-5B14-4320-83F8-2B09B4FEA4BB}.Release|Mixed Platforms.Build.0 = Release|Any CPU
		{FEDB8340-5B14-4320-83F8-2B09B4FEA4BB}.Release|x86.ActiveCfg = Release|Any CPU
		{BE9E4B50-FBBC-4273-AA2E-E1480AB85DF3}.Debug|Any CPU.ActiveCfg = Debug|Any CPU
		{BE9E4B50-FBBC-4273-AA2E-E1480AB85DF3}.Debug|Any CPU.Build.0 = Debug|Any CPU
		{BE9E4B50-FBBC-4273-AA2E-E1480AB85DF3}.Debug|Mixed Platforms.ActiveCfg = Debug|Any CPU
		{BE9E4B50-FBBC-4273-AA2E-E1480AB85DF3}.Debug|Mixed Platforms.Build.0 = Debug|Any CPU
		{BE9E4B50-FBBC-4273-AA2E-E1480AB85DF3}.Debug|x86.ActiveCfg = Debug|Any CPU
		{BE9E4B50-FBBC-4273-AA2E-E1480AB85DF3}.Release|Any CPU.ActiveCfg = Release|Any CPU
		{BE9E4B50-FBBC-4273-AA2E-E1480AB85DF3}.Release|Any CPU.Build.0 = Release|Any CPU
		{BE9E4B50-FBBC-4273-AA2E-E1480AB85DF3}.Release|Mixed Platforms.ActiveCfg = Release|Any CPU
		{BE9E4B50-FBBC-4273-AA2E-E1480AB85DF3}.Release|Mixed Platforms.Build.0 = Release|Any CPU
		{BE9E4B50-FBBC-4273-AA2E-E1480AB85DF3}.Release|x86.ActiveCfg = Release|Any CPU
		{40FA23ED-A597-413B-B822-8F9DA58EB04D}.Debug|Any CPU.ActiveCfg = Debug|Any CPU
		{40FA23ED-A597-413B-B822-8F9DA58EB04D}.Debug|Any CPU.Build.0 = Debug|Any CPU
		{40FA23ED-A597-413B-B822-8F9DA58EB04D}.Debug|Mixed Platforms.ActiveCfg = Debug|Any CPU
		{40FA23ED-A597-413B-B822-8F9DA58EB04D}.Debug|Mixed Platforms.Build.0 = Debug|Any CPU
		{40FA23ED-A597-413B-B822-8F9DA58EB04D}.Debug|x86.ActiveCfg = Debug|Any CPU
		{40FA23ED-A597-413B-B822-8F9DA58EB04D}.Release|Any CPU.ActiveCfg = Release|Any CPU
		{40FA23ED-A597-413B-B822-8F9DA58EB04D}.Release|Any CPU.Build.0 = Release|Any CPU
		{40FA23ED-A597-413B-B822-8F9DA58EB04D}.Release|Mixed Platforms.ActiveCfg = Release|Any CPU
		{40FA23ED-A597-413B-B822-8F9DA58EB04D}.Release|Mixed Platforms.Build.0 = Release|Any CPU
		{40FA23ED-A597-413B-B822-8F9DA58EB04D}.Release|x86.ActiveCfg = Release|Any CPU
		{4CC0A7F6-0742-4556-B052-1B5D0317B984}.Debug|Any CPU.ActiveCfg = Debug|Any CPU
		{4CC0A7F6-0742-4556-B052-1B5D0317B984}.Debug|Any CPU.Build.0 = Debug|Any CPU
		{4CC0A7F6-0742-4556-B052-1B5D0317B984}.Debug|Mixed Platforms.ActiveCfg = Debug|Any CPU
		{4CC0A7F6-0742-4556-B052-1B5D0317B984}.Debug|Mixed Platforms.Build.0 = Debug|Any CPU
		{4CC0A7F6-0742-4556-B052-1B5D0317B984}.Debug|x86.ActiveCfg = Debug|Any CPU
		{4CC0A7F6-0742-4556-B052-1B5D0317B984}.Release|Any CPU.ActiveCfg = Release|Any CPU
		{4CC0A7F6-0742-4556-B052-1B5D0317B984}.Release|Any CPU.Build.0 = Release|Any CPU
		{4CC0A7F6-0742-4556-B052-1B5D0317B984}.Release|Mixed Platforms.ActiveCfg = Release|Any CPU
		{4CC0A7F6-0742-4556-B052-1B5D0317B984}.Release|Mixed Platforms.Build.0 = Release|Any CPU
		{4CC0A7F6-0742-4556-B052-1B5D0317B984}.Release|x86.ActiveCfg = Release|Any CPU
		{B2D36921-0581-4EB5-A27B-19EEE74AE100}.Debug|Any CPU.ActiveCfg = Debug|Any CPU
		{B2D36921-0581-4EB5-A27B-19EEE74AE100}.Debug|Any CPU.Build.0 = Debug|Any CPU
		{B2D36921-0581-4EB5-A27B-19EEE74AE100}.Debug|Mixed Platforms.ActiveCfg = Debug|Any CPU
		{B2D36921-0581-4EB5-A27B-19EEE74AE100}.Debug|Mixed Platforms.Build.0 = Debug|Any CPU
		{B2D36921-0581-4EB5-A27B-19EEE74AE100}.Debug|x86.ActiveCfg = Debug|Any CPU
		{B2D36921-0581-4EB5-A27B-19EEE74AE100}.Release|Any CPU.ActiveCfg = Release|Any CPU
		{B2D36921-0581-4EB5-A27B-19EEE74AE100}.Release|Any CPU.Build.0 = Release|Any CPU
		{B2D36921-0581-4EB5-A27B-19EEE74AE100}.Release|Mixed Platforms.ActiveCfg = Release|Any CPU
		{B2D36921-0581-4EB5-A27B-19EEE74AE100}.Release|Mixed Platforms.Build.0 = Release|Any CPU
		{B2D36921-0581-4EB5-A27B-19EEE74AE100}.Release|x86.ActiveCfg = Release|Any CPU
		{BD83CC53-2FC3-4A59-933E-72D89FE80D87}.Debug|Any CPU.ActiveCfg = Debug|Any CPU
		{BD83CC53-2FC3-4A59-933E-72D89FE80D87}.Debug|Any CPU.Build.0 = Debug|Any CPU
		{BD83CC53-2FC3-4A59-933E-72D89FE80D87}.Debug|Mixed Platforms.ActiveCfg = Debug|Any CPU
		{BD83CC53-2FC3-4A59-933E-72D89FE80D87}.Debug|Mixed Platforms.Build.0 = Debug|Any CPU
		{BD83CC53-2FC3-4A59-933E-72D89FE80D87}.Debug|x86.ActiveCfg = Debug|Any CPU
		{BD83CC53-2FC3-4A59-933E-72D89FE80D87}.Release|Any CPU.ActiveCfg = Release|Any CPU
		{BD83CC53-2FC3-4A59-933E-72D89FE80D87}.Release|Any CPU.Build.0 = Release|Any CPU
		{BD83CC53-2FC3-4A59-933E-72D89FE80D87}.Release|Mixed Platforms.ActiveCfg = Release|Any CPU
		{BD83CC53-2FC3-4A59-933E-72D89FE80D87}.Release|Mixed Platforms.Build.0 = Release|Any CPU
		{BD83CC53-2FC3-4A59-933E-72D89FE80D87}.Release|x86.ActiveCfg = Release|Any CPU
		{2FB32B67-9209-4C24-9381-BE4A0D42AC8A}.Debug|Any CPU.ActiveCfg = Debug|Any CPU
		{2FB32B67-9209-4C24-9381-BE4A0D42AC8A}.Debug|Any CPU.Build.0 = Debug|Any CPU
		{2FB32B67-9209-4C24-9381-BE4A0D42AC8A}.Debug|Mixed Platforms.ActiveCfg = Debug|Any CPU
		{2FB32B67-9209-4C24-9381-BE4A0D42AC8A}.Debug|Mixed Platforms.Build.0 = Debug|Any CPU
		{2FB32B67-9209-4C24-9381-BE4A0D42AC8A}.Debug|x86.ActiveCfg = Debug|Any CPU
		{2FB32B67-9209-4C24-9381-BE4A0D42AC8A}.Release|Any CPU.ActiveCfg = Release|Any CPU
		{2FB32B67-9209-4C24-9381-BE4A0D42AC8A}.Release|Any CPU.Build.0 = Release|Any CPU
		{2FB32B67-9209-4C24-9381-BE4A0D42AC8A}.Release|Mixed Platforms.ActiveCfg = Release|Any CPU
		{2FB32B67-9209-4C24-9381-BE4A0D42AC8A}.Release|Mixed Platforms.Build.0 = Release|Any CPU
		{2FB32B67-9209-4C24-9381-BE4A0D42AC8A}.Release|x86.ActiveCfg = Release|Any CPU
		{91A39B53-89CC-442E-B250-FF4F9A5D0E23}.Debug|Any CPU.ActiveCfg = Debug|Any CPU
		{91A39B53-89CC-442E-B250-FF4F9A5D0E23}.Debug|Any CPU.Build.0 = Debug|Any CPU
		{91A39B53-89CC-442E-B250-FF4F9A5D0E23}.Debug|Mixed Platforms.ActiveCfg = Debug|Any CPU
		{91A39B53-89CC-442E-B250-FF4F9A5D0E23}.Debug|Mixed Platforms.Build.0 = Debug|Any CPU
		{91A39B53-89CC-442E-B250-FF4F9A5D0E23}.Debug|x86.ActiveCfg = Debug|Any CPU
		{91A39B53-89CC-442E-B250-FF4F9A5D0E23}.Release|Any CPU.ActiveCfg = Release|Any CPU
		{91A39B53-89CC-442E-B250-FF4F9A5D0E23}.Release|Any CPU.Build.0 = Release|Any CPU
		{91A39B53-89CC-442E-B250-FF4F9A5D0E23}.Release|Mixed Platforms.ActiveCfg = Release|Any CPU
		{91A39B53-89CC-442E-B250-FF4F9A5D0E23}.Release|Mixed Platforms.Build.0 = Release|Any CPU
		{91A39B53-89CC-442E-B250-FF4F9A5D0E23}.Release|x86.ActiveCfg = Release|Any CPU
	EndGlobalSection
	GlobalSection(SolutionProperties) = preSolution
		HideSolutionNode = FALSE
	EndGlobalSection
	GlobalSection(NestedProjects) = preSolution
		{BC685C06-A12F-42D8-94F2-609A8A07E8AE} = {8184A71C-3C1F-4593-84FF-6B5F0A150A14}
		{A6944558-B60B-4161-A897-2DF58F0F0DE1} = {8184A71C-3C1F-4593-84FF-6B5F0A150A14}
		{608F2C0A-D75A-4708-8E70-2E9271A42D0E} = {8184A71C-3C1F-4593-84FF-6B5F0A150A14}
		{C8174DFF-E638-4B5F-B25F-E741ABE66E69} = {8184A71C-3C1F-4593-84FF-6B5F0A150A14}
		{90CB0C8C-4DD1-4C54-8899-45C3641FAE69} = {8184A71C-3C1F-4593-84FF-6B5F0A150A14}
		{E0264257-D31F-4A9E-823F-14250643097D} = {8184A71C-3C1F-4593-84FF-6B5F0A150A14}
		{308D8203-664F-48F4-82D6-EA056FC83E08} = {8184A71C-3C1F-4593-84FF-6B5F0A150A14}
		{70BF2E92-A45C-4488-B063-F866E42B2EAD} = {8184A71C-3C1F-4593-84FF-6B5F0A150A14}
		{D7F32B7D-9BE5-49FB-B3FB-AB1AD2B2E2E4} = {8184A71C-3C1F-4593-84FF-6B5F0A150A14}
		{D958E2AC-6372-48D7-AC8E-EEF3F5E161E2} = {8184A71C-3C1F-4593-84FF-6B5F0A150A14}
		{A48808BF-39BA-4D57-BBF2-A063F4A7F1D1} = {8184A71C-3C1F-4593-84FF-6B5F0A150A14}
		{04BA2E75-DD6B-4F2A-8AEB-6821A4FE6D27} = {8184A71C-3C1F-4593-84FF-6B5F0A150A14}
		{69820025-7DBC-49EB-B5DC-21537B6F5F2F} = {8184A71C-3C1F-4593-84FF-6B5F0A150A14}
		{48ECFFDE-08A3-4FED-8519-A0FF54C27E65} = {8184A71C-3C1F-4593-84FF-6B5F0A150A14}
		{82796732-32C3-4FAB-80F6-138B09675631} = {8184A71C-3C1F-4593-84FF-6B5F0A150A14}
		{E1B23111-238D-4C66-9508-C385EACF00F1} = {8184A71C-3C1F-4593-84FF-6B5F0A150A14}
		{0B7506A4-64A9-4B24-B7B9-1559404377AE} = {8184A71C-3C1F-4593-84FF-6B5F0A150A14}
		{FEDB8340-5B14-4320-83F8-2B09B4FEA4BB} = {8184A71C-3C1F-4593-84FF-6B5F0A150A14}
		{BE9E4B50-FBBC-4273-AA2E-E1480AB85DF3} = {8184A71C-3C1F-4593-84FF-6B5F0A150A14}
		{40FA23ED-A597-413B-B822-8F9DA58EB04D} = {8184A71C-3C1F-4593-84FF-6B5F0A150A14}
		{B2D36921-0581-4EB5-A27B-19EEE74AE100} = {8184A71C-3C1F-4593-84FF-6B5F0A150A14}
		{BD83CC53-2FC3-4A59-933E-72D89FE80D87} = {8184A71C-3C1F-4593-84FF-6B5F0A150A14}
		{91A39B53-89CC-442E-B250-FF4F9A5D0E23} = {8184A71C-3C1F-4593-84FF-6B5F0A150A14}
	EndGlobalSection
	GlobalSection(TeamFoundationVersionControl) = preSolution
		SccNumberOfProjects = 26
		SccEnterpriseProvider = {4CA58AB2-18FA-4F8D-95D4-32DDF27D184C}
		SccTeamFoundationServer = http://tfs:8080/tfs/fa2
		SccLocalPath0 = .
		SccProjectUniqueName1 = BelicsClass.Common\\BelicsClass.Common.VS2008.csproj
		SccProjectTopLevelParentUniqueName1 = BelicsClass.sln
		SccProjectName1 = BelicsClass.Common
		SccLocalPath1 = BelicsClass.Common
		SccProjectUniqueName2 = BelicsClass.ConsoleTools\\BelicsClass.ConsoleTools.VS2008.csproj
		SccProjectTopLevelParentUniqueName2 = BelicsClass.sln
		SccProjectName2 = BelicsClass.ConsoleTools
		SccLocalPath2 = BelicsClass.ConsoleTools
		SccProjectUniqueName3 = BelicsClass.Database.ExcelOle\\BelicsClass.Database.ExcelOle.VS2008.csproj
		SccProjectTopLevelParentUniqueName3 = BelicsClass.sln
		SccProjectName3 = BelicsClass.Database.ExcelOle
		SccLocalPath3 = BelicsClass.Database.ExcelOle
		SccProjectUniqueName4 = BelicsClass.Database.SQLServer\\BelicsClass.Database.SQLServer.VS2008.csproj
		SccProjectTopLevelParentUniqueName4 = BelicsClass.sln
		SccProjectName4 = BelicsClass.Database.SQLServer
		SccLocalPath4 = BelicsClass.Database.SQLServer
		SccProjectUniqueName5 = BelicsClass.File\\BelicsClass.File.VS2008.csproj
		SccProjectTopLevelParentUniqueName5 = BelicsClass.sln
		SccProjectName5 = BelicsClass.File
		SccLocalPath5 = BelicsClass.File
		SccProjectUniqueName6 = BelicsClass.Network\\BelicsClass.Network.VS2008.csproj
		SccProjectTopLevelParentUniqueName6 = BelicsClass.sln
		SccProjectName6 = BelicsClass.Network
		SccLocalPath6 = BelicsClass.Network
		SccProjectUniqueName7 = BelicsClass.ObjectSync\\BelicsClass.ObjectSync.VS2008.csproj
		SccProjectTopLevelParentUniqueName7 = BelicsClass.sln
		SccProjectName7 = BelicsClass.ObjectSync
		SccLocalPath7 = BelicsClass.ObjectSync
		SccProjectUniqueName8 = BelicsClass.PLC.MELSEC\\BelicsClass.PLC.MELSEC.VS2008.csproj
		SccProjectTopLevelParentUniqueName8 = BelicsClass.sln
		SccProjectName8 = BelicsClass.PLC.MELSEC
		SccLocalPath8 = BelicsClass.PLC.MELSEC
		SccProjectUniqueName9 = BelicsClass.PLC.OMRON\\BelicsClass.PLC.OMRON.VS2008.csproj
		SccProjectTopLevelParentUniqueName9 = BelicsClass.sln
		SccProjectName9 = BelicsClass.PLC.OMRON
		SccLocalPath9 = BelicsClass.PLC.OMRON
		SccProjectUniqueName10 = BelicsClass.ProcessManage\\BelicsClass.ProcessManage.VS2008.csproj
		SccProjectTopLevelParentUniqueName10 = BelicsClass.sln
		SccProjectName10 = BelicsClass.ProcessManage
		SccLocalPath10 = BelicsClass.ProcessManage
		SccProjectUniqueName11 = BelicsClass.Rs232c\\BelicsClass.Rs232c.VS2008.csproj
		SccProjectTopLevelParentUniqueName11 = BelicsClass.sln
		SccProjectName11 = BelicsClass.Rs232c
		SccLocalPath11 = BelicsClass.Rs232c
		SccProjectUniqueName12 = BelicsClass.UI\\BelicsClass.UI.VS2008.csproj
		SccProjectTopLevelParentUniqueName12 = BelicsClass.sln
		SccProjectName12 = BelicsClass.UI
		SccLocalPath12 = BelicsClass.UI
		SccProjectUniqueName13 = BelicsClass.UI.Report\\BelicsClass.UI.Report.VS2008.csproj
		SccProjectTopLevelParentUniqueName13 = BelicsClass.sln
		SccProjectName13 = BelicsClass.UI.Report
		SccLocalPath13 = BelicsClass.UI.Report
		SccProjectUniqueName14 = BelicsClass.UI.Controls\\BelicsClass.UI.Controls.VS2008.csproj
		SccProjectTopLevelParentUniqueName14 = BelicsClass.sln
		SccProjectName14 = BelicsClass.UI.Controls
		SccLocalPath14 = BelicsClass.UI.Controls
		SccProjectUniqueName15 = BelicsClass.GPIB.CONTEC\\BelicsClass.GPIB.CONTEC.VS2008.csproj
		SccProjectTopLevelParentUniqueName15 = BelicsClass.sln
		SccProjectName15 = BelicsClass.GPIB.CONTEC
		SccLocalPath15 = BelicsClass.GPIB.CONTEC
		SccProjectUniqueName16 = BelicsClass.Database.MSAccess\\BelicsClass.Database.MSAccess.VS2008.csproj
		SccProjectTopLevelParentUniqueName16 = BelicsClass.sln
		SccProjectName16 = BelicsClass.Database.MSAccess
		SccLocalPath16 = BelicsClass.Database.MSAccess
		SccProjectUniqueName17 = BelicsClass.UI.Graph\\BelicsClass.UI.Graph.VS2008.csproj
		SccProjectTopLevelParentUniqueName17 = BelicsClass.sln
		SccProjectName17 = BelicsClass.UI.Graph
		SccLocalPath17 = BelicsClass.UI.Graph
		SccProjectUniqueName18 = BelicsClass.RFID.KEYENCE\\BelicsClass.RFID.KEYENCE.VS2008.csproj
		SccProjectTopLevelParentUniqueName18 = BelicsClass.sln
		SccProjectName18 = BelicsClass.RFID.KEYENCE
		SccLocalPath18 = BelicsClass.RFID.KEYENCE
		SccProjectUniqueName19 = BelicsClass.Database.OleDB\\BelicsClass.Database.OleDB.VS2008.csproj
		SccProjectTopLevelParentUniqueName19 = BelicsClass.sln
		SccProjectName19 = BelicsClass.Database.OleDB
		SccLocalPath19 = BelicsClass.Database.OleDB
		SccProjectUniqueName20 = BelicsClass.Database.Oracle\\BelicsClass.Database.Oracle.VS2008.csproj
		SccProjectTopLevelParentUniqueName20 = BelicsClass.sln
		SccProjectName20 = BelicsClass.Database.Oracle
		SccLocalPath20 = BelicsClass.Database.Oracle
		SccProjectUniqueName21 = BelicsClass.PLC.Base\\BelicsClass.PLC.VS2008.csproj
		SccProjectTopLevelParentUniqueName21 = BelicsClass.sln
		SccProjectName21 = BelicsClass.PLC.Base
		SccLocalPath21 = BelicsClass.PLC.Base
		SccProjectUniqueName22 = BelicsClass.AllInOne\\BelicsClass.AllInOne.VS2008.csproj
		SccProjectName22 = BelicsClass.AllInOne
		SccLocalPath22 = BelicsClass.AllInOne
		SccProjectUniqueName23 = BelicsClass.Database.Base\\BelicsClass.Database.VS2008.csproj
		SccProjectTopLevelParentUniqueName23 = BelicsClass.sln
		SccProjectName23 = BelicsClass.Database.Base
		SccLocalPath23 = BelicsClass.Database.Base
		SccProjectUniqueName24 = BelicsClass.PLC.Accesser\\BelicsClass.PLC.Accesser.VS2008.csproj
		SccProjectTopLevelParentUniqueName24 = BelicsClass.sln
		SccProjectName24 = BelicsClass.PLC.Accesser
		SccLocalPath24 = BelicsClass.PLC.Accesser
		SccProjectUniqueName25 = BelicsClass.AllInOneCompact\\BelicsClass.AllInOneCompact.VS2008.csproj
		SccProjectName25 = BelicsClass.AllInOneCompact
		SccLocalPath25 = BelicsClass.AllInOneCompact
	EndGlobalSection
EndGlobal
